{
  "version": 4,
  "terraform_version": "1.13.4",
  "serial": 44,
  "lineage": "8c61cd4a-3330-22a8-dbf6-4121050762dd",
  "outputs": {},
  "resources": [
    {
      "mode": "data",
      "type": "keycloak_openid_client",
      "name": "realm_management",
      "provider": "provider[\"registry.terraform.io/keycloak/keycloak\"]",
      "instances": [
        {
          "schema_version": 0,
          "attributes": {
            "access_token_lifespan": "",
            "access_type": "BEARER-ONLY",
            "admin_url": "",
            "allow_refresh_token_in_standard_token_exchange": "",
            "always_display_in_console": false,
            "authentication_flow_binding_overrides": [],
            "authorization": [],
            "backchannel_logout_revoke_offline_sessions": false,
            "backchannel_logout_session_required": false,
            "backchannel_logout_url": "",
            "base_url": "",
            "client_authenticator_type": "client-secret",
            "client_id": "realm-management",
            "client_offline_session_idle_timeout": "",
            "client_offline_session_max_lifespan": "",
            "client_secret": "",
            "client_session_idle_timeout": "",
            "client_session_max_lifespan": "",
            "consent_required": false,
            "consent_screen_text": "",
            "description": "",
            "direct_access_grants_enabled": false,
            "display_on_consent_screen": false,
            "enabled": true,
            "exclude_issuer_from_auth_response": null,
            "exclude_session_state_from_auth_response": null,
            "extra_config": {
              "realm_client": "true"
            },
            "frontchannel_logout_enabled": false,
            "frontchannel_logout_url": "",
            "full_scope_allowed": false,
            "id": "f0982a19-3a4e-4c00-855d-b5b684525f25",
            "implicit_flow_enabled": false,
            "login_theme": "",
            "name": "${client_realm-management}",
            "oauth2_device_authorization_grant_enabled": false,
            "oauth2_device_code_lifespan": "",
            "oauth2_device_polling_interval": "",
            "pkce_code_challenge_method": null,
            "realm_id": "omp",
            "resource_server_id": null,
            "root_url": "",
            "service_account_user_id": "",
            "service_accounts_enabled": false,
            "standard_flow_enabled": true,
            "standard_token_exchange_enabled": false,
            "use_refresh_tokens": false,
            "use_refresh_tokens_client_credentials": false,
            "valid_post_logout_redirect_uris": [],
            "valid_redirect_uris": [],
            "web_origins": []
          },
          "sensitive_attributes": [
            [
              {
                "type": "get_attr",
                "value": "client_secret"
              }
            ]
          ],
          "identity_schema_version": 0
        }
      ]
    },
    {
      "mode": "managed",
      "type": "keycloak_openid_client",
      "name": "omp_rest_api",
      "provider": "provider[\"registry.terraform.io/keycloak/keycloak\"]",
      "instances": [
        {
          "schema_version": 0,
          "attributes": {
            "access_token_lifespan": "",
            "access_type": "CONFIDENTIAL",
            "admin_url": "",
            "allow_refresh_token_in_standard_token_exchange": "",
            "always_display_in_console": false,
            "authentication_flow_binding_overrides": [],
            "authorization": [],
            "backchannel_logout_revoke_offline_sessions": false,
            "backchannel_logout_session_required": true,
            "backchannel_logout_url": "",
            "base_url": "",
            "client_authenticator_type": "client-secret",
            "client_id": "omp-rest-api",
            "client_offline_session_idle_timeout": "",
            "client_offline_session_max_lifespan": "",
            "client_secret": "lLKgLB9kOoVDqGgP0PsvbfVhuQgDlFqd",
            "client_secret_regenerate_when_changed": null,
            "client_secret_wo": null,
            "client_secret_wo_version": null,
            "client_session_idle_timeout": "",
            "client_session_max_lifespan": "",
            "consent_required": false,
            "consent_screen_text": "",
            "description": "",
            "direct_access_grants_enabled": true,
            "display_on_consent_screen": false,
            "enabled": true,
            "exclude_issuer_from_auth_response": null,
            "exclude_session_state_from_auth_response": null,
            "extra_config": null,
            "frontchannel_logout_enabled": false,
            "frontchannel_logout_url": "",
            "full_scope_allowed": true,
            "id": "3c0766bf-76ec-4376-a99f-dc7bb76bd38c",
            "implicit_flow_enabled": false,
            "import": false,
            "login_theme": "",
            "name": "Open Metrics Platform REST API",
            "oauth2_device_authorization_grant_enabled": false,
            "oauth2_device_code_lifespan": "",
            "oauth2_device_polling_interval": "",
            "pkce_code_challenge_method": null,
            "realm_id": "omp",
            "resource_server_id": null,
            "root_url": "",
            "service_account_user_id": "290aebe3-48c8-435c-b912-5d765b47f3c3",
            "service_accounts_enabled": true,
            "standard_flow_enabled": true,
            "standard_token_exchange_enabled": false,
            "use_refresh_tokens": true,
            "use_refresh_tokens_client_credentials": false,
            "valid_post_logout_redirect_uris": [],
            "valid_redirect_uris": [
              "http://localhost:8080/openid-callback"
            ],
            "web_origins": []
          },
          "sensitive_attributes": [
            [
              {
                "type": "get_attr",
                "value": "client_secret"
              }
            ],
            [
              {
                "type": "get_attr",
                "value": "client_secret_wo"
              }
            ]
          ],
          "identity_schema_version": 0,
          "private": "bnVsbA==",
          "dependencies": [
            "keycloak_realm.omp"
          ]
        }
      ]
    },
    {
      "mode": "managed",
      "type": "keycloak_openid_client_service_account_role",
      "name": "omp_rest_api_svc_acc_admin",
      "provider": "provider[\"registry.terraform.io/keycloak/keycloak\"]",
      "instances": [
        {
          "schema_version": 0,
          "attributes": {
            "client_id": "f0982a19-3a4e-4c00-855d-b5b684525f25",
            "id": "290aebe3-48c8-435c-b912-5d765b47f3c3/944756c7-696d-4639-b59d-4572e9a99eb0",
            "realm_id": "omp",
            "role": "realm-admin",
            "service_account_user_id": "290aebe3-48c8-435c-b912-5d765b47f3c3"
          },
          "sensitive_attributes": [],
          "identity_schema_version": 0,
          "private": "bnVsbA==",
          "dependencies": [
            "data.keycloak_openid_client.realm_management",
            "keycloak_openid_client.omp_rest_api",
            "keycloak_realm.omp",
            "keycloak_role.realm_admin"
          ]
        }
      ]
    },
    {
      "mode": "managed",
      "type": "keycloak_realm",
      "name": "omp",
      "provider": "provider[\"registry.terraform.io/keycloak/keycloak\"]",
      "instances": [
        {
          "schema_version": 0,
          "attributes": {
            "access_code_lifespan": "1m0s",
            "access_code_lifespan_login": "30m0s",
            "access_code_lifespan_user_action": "5m0s",
            "access_token_lifespan": "5m0s",
            "access_token_lifespan_for_implicit_flow": "15m0s",
            "account_theme": "",
            "action_token_generated_by_admin_lifespan": "12h0m0s",
            "action_token_generated_by_user_lifespan": "5m0s",
            "admin_theme": "",
            "attributes": null,
            "browser_flow": "browser",
            "client_authentication_flow": "clients",
            "client_session_idle_timeout": "0s",
            "client_session_max_lifespan": "0s",
            "default_default_client_scopes": null,
            "default_optional_client_scopes": null,
            "default_signature_algorithm": "",
            "direct_grant_flow": "direct grant",
            "display_name": "Open Metrics Platform",
            "display_name_html": "",
            "docker_authentication_flow": "docker auth",
            "duplicate_emails_allowed": false,
            "edit_username_allowed": false,
            "email_theme": "",
            "enabled": true,
            "first_broker_login_flow": "first broker login",
            "id": "omp",
            "internal_id": "omp",
            "internationalization": [],
            "login_theme": "",
            "login_with_email_allowed": true,
            "oauth2_device_code_lifespan": "10m0s",
            "oauth2_device_polling_interval": 5,
            "offline_session_idle_timeout": "720h0m0s",
            "offline_session_max_lifespan": "1440h0m0s",
            "offline_session_max_lifespan_enabled": false,
            "organizations_enabled": false,
            "otp_policy": [
              {
                "algorithm": "HmacSHA1",
                "digits": 6,
                "initial_counter": 0,
                "look_ahead_window": 1,
                "period": 30,
                "type": "totp"
              }
            ],
            "password_policy": "",
            "realm": "omp",
            "refresh_token_max_reuse": 0,
            "registration_allowed": false,
            "registration_email_as_username": true,
            "registration_flow": "registration",
            "remember_me": true,
            "reset_credentials_flow": "reset credentials",
            "reset_password_allowed": false,
            "revoke_refresh_token": false,
            "security_defenses": [],
            "smtp_server": [],
            "ssl_required": "external",
            "sso_session_idle_timeout": "30m0s",
            "sso_session_idle_timeout_remember_me": "0s",
            "sso_session_max_lifespan": "10h0m0s",
            "sso_session_max_lifespan_remember_me": "0s",
            "user_managed_access": false,
            "verify_email": true,
            "web_authn_passwordless_policy": [
              {
                "acceptable_aaguids": [],
                "attestation_conveyance_preference": "not specified",
                "authenticator_attachment": "not specified",
                "avoid_same_authenticator_register": false,
                "create_timeout": 0,
                "extra_origins": [],
                "relying_party_entity_name": "keycloak",
                "relying_party_id": "",
                "require_resident_key": "Yes",
                "signature_algorithms": [
                  "ES256",
                  "RS256"
                ],
                "user_verification_requirement": "required"
              }
            ],
            "web_authn_policy": [
              {
                "acceptable_aaguids": [],
                "attestation_conveyance_preference": "not specified",
                "authenticator_attachment": "not specified",
                "avoid_same_authenticator_register": false,
                "create_timeout": 0,
                "extra_origins": [],
                "relying_party_entity_name": "keycloak",
                "relying_party_id": "",
                "require_resident_key": "not specified",
                "signature_algorithms": [
                  "ES256",
                  "RS256"
                ],
                "user_verification_requirement": "not specified"
              }
            ]
          },
          "sensitive_attributes": [],
          "identity_schema_version": 0,
          "private": "bnVsbA=="
        }
      ]
    },
    {
      "mode": "managed",
      "type": "keycloak_realm_user_profile",
      "name": "userprofile",
      "provider": "provider[\"registry.terraform.io/keycloak/keycloak\"]",
      "instances": [
        {
          "schema_version": 0,
          "attributes": {
            "attribute": [
              {
                "annotations": null,
                "display_name": "Email",
                "enabled_when_scope": null,
                "group": "",
                "multi_valued": false,
                "name": "email",
                "permissions": [],
                "required_for_roles": null,
                "required_for_scopes": null,
                "validator": []
              },
              {
                "annotations": null,
                "display_name": "Username",
                "enabled_when_scope": null,
                "group": "",
                "multi_valued": false,
                "name": "username",
                "permissions": [],
                "required_for_roles": null,
                "required_for_scopes": null,
                "validator": []
              },
              {
                "annotations": null,
                "display_name": "Profile ID",
                "enabled_when_scope": null,
                "group": "",
                "multi_valued": false,
                "name": "profileID",
                "permissions": [
                  {
                    "edit": [
                      "admin"
                    ],
                    "view": [
                      "admin",
                      "user"
                    ]
                  }
                ],
                "required_for_roles": null,
                "required_for_scopes": null,
                "validator": []
              }
            ],
            "group": [],
            "id": "omp",
            "realm_id": "omp",
            "unmanaged_attribute_policy": "DISABLED"
          },
          "sensitive_attributes": [],
          "identity_schema_version": 0,
          "private": "bnVsbA==",
          "dependencies": [
            "keycloak_realm.omp"
          ]
        }
      ]
    },
    {
      "mode": "managed",
      "type": "keycloak_role",
      "name": "realm_admin",
      "provider": "provider[\"registry.terraform.io/keycloak/keycloak\"]",
      "instances": [
        {
          "schema_version": 0,
          "attributes": {
            "attributes": {},
            "client_id": "3c0766bf-76ec-4376-a99f-dc7bb76bd38c",
            "composite_roles": [],
            "description": "",
            "id": "025ac821-fa7a-4ef6-ab34-a35f58b56a31",
            "import": false,
            "name": "realm-admin",
            "realm_id": "omp"
          },
          "sensitive_attributes": [],
          "identity_schema_version": 0,
          "private": "bnVsbA==",
          "dependencies": [
            "keycloak_openid_client.omp_rest_api",
            "keycloak_realm.omp"
          ]
        }
      ]
    }
  ],
  "check_results": null
}
